
Microsoft Visual Studio Solution File, Format Version 12.00
# Visual Studio 14
VisualStudioVersion = 14.0.23107.0
MinimumVisualStudioVersion = 10.0.40219.1
Project("{FAE04EC0-301F-11D3-BF4B-00C04F79EFBC}") = "HashBus.Twitter.Events", "src\HashBus.Twitter.Events\HashBus.Twitter.Events.csproj", "{5728DE02-C264-4697-B554-DDA5FAD10A47}"
EndProject
Project("{FAE04EC0-301F-11D3-BF4B-00C04F79EFBC}") = "HashBus.Twitter.Monitor.Simulator", "src\HashBus.Twitter.Monitor.Simulator\HashBus.Twitter.Monitor.Simulator.csproj", "{1BEFE50E-24CA-4CAA-8B2C-7F8CD1771CB5}"
EndProject
Project("{FAE04EC0-301F-11D3-BF4B-00C04F79EFBC}") = "HashBus.Application", "src\HashBus.Application\HashBus.Application.csproj", "{EC04FD05-F3FE-439A-8791-D85856E3726A}"
EndProject
Project("{FAE04EC0-301F-11D3-BF4B-00C04F79EFBC}") = "HashBus.Twitter.Monitor", "src\HashBus.Twitter.Monitor\HashBus.Twitter.Monitor.csproj", "{B1453AE4-B343-42F0-B6F6-E9016A62B3C2}"
EndProject
Project("{2150E333-8FDC-42A3-9474-1A3956D46DE8}") = "src", "src", "{B34C7F0A-2903-47F2-A087-06D3136C9A1F}"
EndProject
Project("{2150E333-8FDC-42A3-9474-1A3956D46DE8}") = "Solution Items", "Solution Items", "{B77C5EBC-7265-4E5E-B22A-5928FAFDC674}"
	ProjectSection(SolutionItems) = preProject
		.gitattributes = .gitattributes
		.gitignore = .gitignore
		HashBus.sln.DotSettings = HashBus.sln.DotSettings
		nuget.config = nuget.config
		prerelease.txt = prerelease.txt
		README.md = README.md
	EndProjectSection
EndProject
Project("{FAE04EC0-301F-11D3-BF4B-00C04F79EFBC}") = "HashBus.Application.Events", "src\HashBus.Application.Events\HashBus.Application.Events.csproj", "{6991A5CF-25CB-4336-9F6D-2EB1E01EFB75}"
EndProject
Project("{FAE04EC0-301F-11D3-BF4B-00C04F79EFBC}") = "HashBus.Projector.MentionLeaderboard", "src\HashBus.Projector.MentionLeaderboard\HashBus.Projector.MentionLeaderboard.csproj", "{718D4969-A6F7-4B0B-8FD2-DE13F23F5860}"
EndProject
Project("{FAE04EC0-301F-11D3-BF4B-00C04F79EFBC}") = "HashBus.Viewer.MentionLeaderboard", "src\HashBus.Viewer.MentionLeaderboard\HashBus.Viewer.MentionLeaderboard.csproj", "{F2EBC6E5-CA6D-49C3-B863-2C0A8C7E9956}"
EndProject
Project("{FAE04EC0-301F-11D3-BF4B-00C04F79EFBC}") = "HashBus.ReadModel", "src\HashBus.ReadModel\HashBus.ReadModel.csproj", "{1709F0A9-F797-44FD-94C0-18A0D75442F8}"
EndProject
Project("{FAE04EC0-301F-11D3-BF4B-00C04F79EFBC}") = "HashBus.ReadModel.MongoDB", "src\HashBus.ReadModel.MongoDB\HashBus.ReadModel.MongoDB.csproj", "{34C86079-CCAB-4312-98FC-F64F4A97D3A4}"
EndProject
Project("{FAE04EC0-301F-11D3-BF4B-00C04F79EFBC}") = "HashBus.Projector.TweetLeaderboard", "src\HashBus.Projector.TweetLeaderboard\HashBus.Projector.TweetLeaderboard.csproj", "{501F4158-CF10-4C25-AAA3-7BE827924926}"
EndProject
Project("{FAE04EC0-301F-11D3-BF4B-00C04F79EFBC}") = "HashBus.Viewer.TweetLeaderboard", "src\HashBus.Viewer.TweetLeaderboard\HashBus.Viewer.TweetLeaderboard.csproj", "{36508ED8-DA6A-45AB-ABF6-4AD98F696009}"
EndProject
Project("{FAE04EC0-301F-11D3-BF4B-00C04F79EFBC}") = "HashBus.WebApi", "src\HashBus.WebApi\HashBus.WebApi.csproj", "{4EC0F237-1CF1-4A0F-B849-E8B75A18CEEB}"
EndProject
Project("{FAE04EC0-301F-11D3-BF4B-00C04F79EFBC}") = "HashBus.NServiceBusConfiguration", "src\HashBus.NServiceBusConfiguration\HashBus.NServiceBusConfiguration.csproj", "{F302F223-C0CD-46A6-8BB6-01F1213BDD58}"
EndProject
Project("{FAE04EC0-301F-11D3-BF4B-00C04F79EFBC}") = "HashBus.Twitter.Monitor.CatchUp", "src\HashBus.Twitter.Monitor.CatchUp\HashBus.Twitter.Monitor.CatchUp.csproj", "{63B64572-B72C-4BCE-BB3D-C3F7635A6858}"
EndProject
Project("{FAE04EC0-301F-11D3-BF4B-00C04F79EFBC}") = "HashBus.Twitter.Monitor.Commands", "src\HashBus.Twitter.Monitor.Commands\HashBus.Twitter.Monitor.Commands.csproj", "{89C81FA0-A06B-4FB9-A3FC-4DAB2A93AA2C}"
EndProject
Project("{FAE04EC0-301F-11D3-BF4B-00C04F79EFBC}") = "HashBus.Projector.TopTweetersRetweeters", "src\HashBus.Projector.TopTweetersRetweeters\HashBus.Projector.TopTweetersRetweeters.csproj", "{BAD64799-5E68-4EA5-B117-1F0B3582392B}"
EndProject
Project("{FAE04EC0-301F-11D3-BF4B-00C04F79EFBC}") = "HashBus.Viewer.TopTweetersRetweeters", "src\HashBus.Viewer.TopTweetersRetweeters\HashBus.Viewer.TopTweetersRetweeters.csproj", "{1AE89008-DCAF-4CBA-83AD-4819E4CA7F4B}"
EndProject
Global
	GlobalSection(SolutionConfigurationPlatforms) = preSolution
		Debug|Any CPU = Debug|Any CPU
		Release|Any CPU = Release|Any CPU
	EndGlobalSection
	GlobalSection(ProjectConfigurationPlatforms) = postSolution
		{5728DE02-C264-4697-B554-DDA5FAD10A47}.Debug|Any CPU.ActiveCfg = Debug|Any CPU
		{5728DE02-C264-4697-B554-DDA5FAD10A47}.Debug|Any CPU.Build.0 = Debug|Any CPU
		{5728DE02-C264-4697-B554-DDA5FAD10A47}.Release|Any CPU.ActiveCfg = Release|Any CPU
		{5728DE02-C264-4697-B554-DDA5FAD10A47}.Release|Any CPU.Build.0 = Release|Any CPU
		{1BEFE50E-24CA-4CAA-8B2C-7F8CD1771CB5}.Debug|Any CPU.ActiveCfg = Debug|Any CPU
		{1BEFE50E-24CA-4CAA-8B2C-7F8CD1771CB5}.Debug|Any CPU.Build.0 = Debug|Any CPU
		{1BEFE50E-24CA-4CAA-8B2C-7F8CD1771CB5}.Release|Any CPU.ActiveCfg = Release|Any CPU
		{1BEFE50E-24CA-4CAA-8B2C-7F8CD1771CB5}.Release|Any CPU.Build.0 = Release|Any CPU
		{EC04FD05-F3FE-439A-8791-D85856E3726A}.Debug|Any CPU.ActiveCfg = Debug|Any CPU
		{EC04FD05-F3FE-439A-8791-D85856E3726A}.Debug|Any CPU.Build.0 = Debug|Any CPU
		{EC04FD05-F3FE-439A-8791-D85856E3726A}.Release|Any CPU.ActiveCfg = Release|Any CPU
		{EC04FD05-F3FE-439A-8791-D85856E3726A}.Release|Any CPU.Build.0 = Release|Any CPU
		{B1453AE4-B343-42F0-B6F6-E9016A62B3C2}.Debug|Any CPU.ActiveCfg = Debug|Any CPU
		{B1453AE4-B343-42F0-B6F6-E9016A62B3C2}.Debug|Any CPU.Build.0 = Debug|Any CPU
		{B1453AE4-B343-42F0-B6F6-E9016A62B3C2}.Release|Any CPU.ActiveCfg = Release|Any CPU
		{B1453AE4-B343-42F0-B6F6-E9016A62B3C2}.Release|Any CPU.Build.0 = Release|Any CPU
		{6991A5CF-25CB-4336-9F6D-2EB1E01EFB75}.Debug|Any CPU.ActiveCfg = Debug|Any CPU
		{6991A5CF-25CB-4336-9F6D-2EB1E01EFB75}.Debug|Any CPU.Build.0 = Debug|Any CPU
		{6991A5CF-25CB-4336-9F6D-2EB1E01EFB75}.Release|Any CPU.ActiveCfg = Release|Any CPU
		{6991A5CF-25CB-4336-9F6D-2EB1E01EFB75}.Release|Any CPU.Build.0 = Release|Any CPU
		{718D4969-A6F7-4B0B-8FD2-DE13F23F5860}.Debug|Any CPU.ActiveCfg = Debug|Any CPU
		{718D4969-A6F7-4B0B-8FD2-DE13F23F5860}.Debug|Any CPU.Build.0 = Debug|Any CPU
		{718D4969-A6F7-4B0B-8FD2-DE13F23F5860}.Release|Any CPU.ActiveCfg = Release|Any CPU
		{718D4969-A6F7-4B0B-8FD2-DE13F23F5860}.Release|Any CPU.Build.0 = Release|Any CPU
		{F2EBC6E5-CA6D-49C3-B863-2C0A8C7E9956}.Debug|Any CPU.ActiveCfg = Debug|Any CPU
		{F2EBC6E5-CA6D-49C3-B863-2C0A8C7E9956}.Debug|Any CPU.Build.0 = Debug|Any CPU
		{F2EBC6E5-CA6D-49C3-B863-2C0A8C7E9956}.Release|Any CPU.ActiveCfg = Release|Any CPU
		{F2EBC6E5-CA6D-49C3-B863-2C0A8C7E9956}.Release|Any CPU.Build.0 = Release|Any CPU
		{1709F0A9-F797-44FD-94C0-18A0D75442F8}.Debug|Any CPU.ActiveCfg = Debug|Any CPU
		{1709F0A9-F797-44FD-94C0-18A0D75442F8}.Debug|Any CPU.Build.0 = Debug|Any CPU
		{1709F0A9-F797-44FD-94C0-18A0D75442F8}.Release|Any CPU.ActiveCfg = Release|Any CPU
		{1709F0A9-F797-44FD-94C0-18A0D75442F8}.Release|Any CPU.Build.0 = Release|Any CPU
		{34C86079-CCAB-4312-98FC-F64F4A97D3A4}.Debug|Any CPU.ActiveCfg = Debug|Any CPU
		{34C86079-CCAB-4312-98FC-F64F4A97D3A4}.Debug|Any CPU.Build.0 = Debug|Any CPU
		{34C86079-CCAB-4312-98FC-F64F4A97D3A4}.Release|Any CPU.ActiveCfg = Release|Any CPU
		{34C86079-CCAB-4312-98FC-F64F4A97D3A4}.Release|Any CPU.Build.0 = Release|Any CPU
		{501F4158-CF10-4C25-AAA3-7BE827924926}.Debug|Any CPU.ActiveCfg = Debug|Any CPU
		{501F4158-CF10-4C25-AAA3-7BE827924926}.Debug|Any CPU.Build.0 = Debug|Any CPU
		{501F4158-CF10-4C25-AAA3-7BE827924926}.Release|Any CPU.ActiveCfg = Release|Any CPU
		{501F4158-CF10-4C25-AAA3-7BE827924926}.Release|Any CPU.Build.0 = Release|Any CPU
		{36508ED8-DA6A-45AB-ABF6-4AD98F696009}.Debug|Any CPU.ActiveCfg = Debug|Any CPU
		{36508ED8-DA6A-45AB-ABF6-4AD98F696009}.Debug|Any CPU.Build.0 = Debug|Any CPU
		{36508ED8-DA6A-45AB-ABF6-4AD98F696009}.Release|Any CPU.ActiveCfg = Release|Any CPU
		{36508ED8-DA6A-45AB-ABF6-4AD98F696009}.Release|Any CPU.Build.0 = Release|Any CPU
		{4EC0F237-1CF1-4A0F-B849-E8B75A18CEEB}.Debug|Any CPU.ActiveCfg = Debug|Any CPU
		{4EC0F237-1CF1-4A0F-B849-E8B75A18CEEB}.Debug|Any CPU.Build.0 = Debug|Any CPU
		{4EC0F237-1CF1-4A0F-B849-E8B75A18CEEB}.Release|Any CPU.ActiveCfg = Release|Any CPU
		{4EC0F237-1CF1-4A0F-B849-E8B75A18CEEB}.Release|Any CPU.Build.0 = Release|Any CPU
		{F302F223-C0CD-46A6-8BB6-01F1213BDD58}.Debug|Any CPU.ActiveCfg = Debug|Any CPU
		{F302F223-C0CD-46A6-8BB6-01F1213BDD58}.Debug|Any CPU.Build.0 = Debug|Any CPU
		{F302F223-C0CD-46A6-8BB6-01F1213BDD58}.Release|Any CPU.ActiveCfg = Release|Any CPU
		{F302F223-C0CD-46A6-8BB6-01F1213BDD58}.Release|Any CPU.Build.0 = Release|Any CPU
		{63B64572-B72C-4BCE-BB3D-C3F7635A6858}.Debug|Any CPU.ActiveCfg = Debug|Any CPU
		{63B64572-B72C-4BCE-BB3D-C3F7635A6858}.Debug|Any CPU.Build.0 = Debug|Any CPU
		{63B64572-B72C-4BCE-BB3D-C3F7635A6858}.Release|Any CPU.ActiveCfg = Release|Any CPU
		{63B64572-B72C-4BCE-BB3D-C3F7635A6858}.Release|Any CPU.Build.0 = Release|Any CPU
		{89C81FA0-A06B-4FB9-A3FC-4DAB2A93AA2C}.Debug|Any CPU.ActiveCfg = Debug|Any CPU
		{89C81FA0-A06B-4FB9-A3FC-4DAB2A93AA2C}.Debug|Any CPU.Build.0 = Debug|Any CPU
		{89C81FA0-A06B-4FB9-A3FC-4DAB2A93AA2C}.Release|Any CPU.ActiveCfg = Release|Any CPU
		{89C81FA0-A06B-4FB9-A3FC-4DAB2A93AA2C}.Release|Any CPU.Build.0 = Release|Any CPU
		{BAD64799-5E68-4EA5-B117-1F0B3582392B}.Debug|Any CPU.ActiveCfg = Debug|Any CPU
		{BAD64799-5E68-4EA5-B117-1F0B3582392B}.Debug|Any CPU.Build.0 = Debug|Any CPU
		{BAD64799-5E68-4EA5-B117-1F0B3582392B}.Release|Any CPU.ActiveCfg = Release|Any CPU
		{BAD64799-5E68-4EA5-B117-1F0B3582392B}.Release|Any CPU.Build.0 = Release|Any CPU
		{1AE89008-DCAF-4CBA-83AD-4819E4CA7F4B}.Debug|Any CPU.ActiveCfg = Debug|Any CPU
		{1AE89008-DCAF-4CBA-83AD-4819E4CA7F4B}.Debug|Any CPU.Build.0 = Debug|Any CPU
		{1AE89008-DCAF-4CBA-83AD-4819E4CA7F4B}.Release|Any CPU.ActiveCfg = Release|Any CPU
		{1AE89008-DCAF-4CBA-83AD-4819E4CA7F4B}.Release|Any CPU.Build.0 = Release|Any CPU
	EndGlobalSection
	GlobalSection(SolutionProperties) = preSolution
		HideSolutionNode = FALSE
	EndGlobalSection
	GlobalSection(NestedProjects) = preSolution
		{5728DE02-C264-4697-B554-DDA5FAD10A47} = {B34C7F0A-2903-47F2-A087-06D3136C9A1F}
		{1BEFE50E-24CA-4CAA-8B2C-7F8CD1771CB5} = {B34C7F0A-2903-47F2-A087-06D3136C9A1F}
		{EC04FD05-F3FE-439A-8791-D85856E3726A} = {B34C7F0A-2903-47F2-A087-06D3136C9A1F}
		{B1453AE4-B343-42F0-B6F6-E9016A62B3C2} = {B34C7F0A-2903-47F2-A087-06D3136C9A1F}
		{6991A5CF-25CB-4336-9F6D-2EB1E01EFB75} = {B34C7F0A-2903-47F2-A087-06D3136C9A1F}
		{718D4969-A6F7-4B0B-8FD2-DE13F23F5860} = {B34C7F0A-2903-47F2-A087-06D3136C9A1F}
		{F2EBC6E5-CA6D-49C3-B863-2C0A8C7E9956} = {B34C7F0A-2903-47F2-A087-06D3136C9A1F}
		{1709F0A9-F797-44FD-94C0-18A0D75442F8} = {B34C7F0A-2903-47F2-A087-06D3136C9A1F}
		{34C86079-CCAB-4312-98FC-F64F4A97D3A4} = {B34C7F0A-2903-47F2-A087-06D3136C9A1F}
		{501F4158-CF10-4C25-AAA3-7BE827924926} = {B34C7F0A-2903-47F2-A087-06D3136C9A1F}
		{36508ED8-DA6A-45AB-ABF6-4AD98F696009} = {B34C7F0A-2903-47F2-A087-06D3136C9A1F}
		{4EC0F237-1CF1-4A0F-B849-E8B75A18CEEB} = {B34C7F0A-2903-47F2-A087-06D3136C9A1F}
		{F302F223-C0CD-46A6-8BB6-01F1213BDD58} = {B34C7F0A-2903-47F2-A087-06D3136C9A1F}
		{63B64572-B72C-4BCE-BB3D-C3F7635A6858} = {B34C7F0A-2903-47F2-A087-06D3136C9A1F}
		{89C81FA0-A06B-4FB9-A3FC-4DAB2A93AA2C} = {B34C7F0A-2903-47F2-A087-06D3136C9A1F}
		{BAD64799-5E68-4EA5-B117-1F0B3582392B} = {B34C7F0A-2903-47F2-A087-06D3136C9A1F}
		{1AE89008-DCAF-4CBA-83AD-4819E4CA7F4B} = {B34C7F0A-2903-47F2-A087-06D3136C9A1F}
	EndGlobalSection
EndGlobal
